// !$*UTF8*$!
{
	archiveVersion = 1;
	classes = {
	};
	objectVersion = 55;
	objects = {

/* Begin PBXBuildFile section */
		49336FC22714AA6200FCBB8B /* UsernameValidation.swift in Sources */ = {isa = PBXBuildFile; fileRef = 49336FC12714AA6200FCBB8B /* UsernameValidation.swift */; };
		4942352F2711DBB20068B345 /* TwittsRootData.swift in Sources */ = {isa = PBXBuildFile; fileRef = 4942352E2711DBB20068B345 /* TwittsRootData.swift */; };
		494235312711E4390068B345 /* UserService.swift in Sources */ = {isa = PBXBuildFile; fileRef = 494235302711E4390068B345 /* UserService.swift */; };
		494235332711E4980068B345 /* UserEndpoint.swift in Sources */ = {isa = PBXBuildFile; fileRef = 494235322711E4980068B345 /* UserEndpoint.swift */; };
		494235372711E91C0068B345 /* TwitterUser.swift in Sources */ = {isa = PBXBuildFile; fileRef = 494235362711E91C0068B345 /* TwitterUser.swift */; };
		494235392711E9260068B345 /* UserRootData.swift in Sources */ = {isa = PBXBuildFile; fileRef = 494235382711E9260068B345 /* UserRootData.swift */; };
		497938302713BC8000FAC870 /* UserViewModel.swift in Sources */ = {isa = PBXBuildFile; fileRef = 4979382F2713BC8000FAC870 /* UserViewModel.swift */; };
		497938322713C54C00FAC870 /* FindUserView.swift in Sources */ = {isa = PBXBuildFile; fileRef = 497938312713C54C00FAC870 /* FindUserView.swift */; };
		49F6CBF027106DBB00F737B5 /* AnaliseSentimentoApp.swift in Sources */ = {isa = PBXBuildFile; fileRef = 49F6CBEF27106DBB00F737B5 /* AnaliseSentimentoApp.swift */; };
		49F6CBF227106DBB00F737B5 /* UserTwittsView.swift in Sources */ = {isa = PBXBuildFile; fileRef = 49F6CBF127106DBB00F737B5 /* UserTwittsView.swift */; };
		49F6CBF427106DBC00F737B5 /* Assets.xcassets in Resources */ = {isa = PBXBuildFile; fileRef = 49F6CBF327106DBC00F737B5 /* Assets.xcassets */; };
		49F6CBF727106DBC00F737B5 /* Preview Assets.xcassets in Resources */ = {isa = PBXBuildFile; fileRef = 49F6CBF627106DBC00F737B5 /* Preview Assets.xcassets */; };
		49F6CC0127106DBD00F737B5 /* AnaliseSentimentoTests.swift in Sources */ = {isa = PBXBuildFile; fileRef = 49F6CC0027106DBD00F737B5 /* AnaliseSentimentoTests.swift */; };
		49F6CC0B27106DBD00F737B5 /* AnaliseSentimentoUITests.swift in Sources */ = {isa = PBXBuildFile; fileRef = 49F6CC0A27106DBD00F737B5 /* AnaliseSentimentoUITests.swift */; };
		49F6CC0D27106DBD00F737B5 /* AnaliseSentimentoUITestsLaunchTests.swift in Sources */ = {isa = PBXBuildFile; fileRef = 49F6CC0C27106DBD00F737B5 /* AnaliseSentimentoUITestsLaunchTests.swift */; };
		49F6CC1B2710732200F737B5 /* TwittsService.swift in Sources */ = {isa = PBXBuildFile; fileRef = 49F6CC1A2710732200F737B5 /* TwittsService.swift */; };
		49F6CC24271105C300F737B5 /* UserTwitt.swift in Sources */ = {isa = PBXBuildFile; fileRef = 49F6CC23271105C300F737B5 /* UserTwitt.swift */; };
		49F6CC282711119700F737B5 /* TwittsViewModel.swift in Sources */ = {isa = PBXBuildFile; fileRef = 49F6CC272711119700F737B5 /* TwittsViewModel.swift */; };
		49F6CC2B2711140A00F737B5 /* TwittsEndpoint.swift in Sources */ = {isa = PBXBuildFile; fileRef = 49F6CC2A2711140A00F737B5 /* TwittsEndpoint.swift */; };
		548345C7E2AAE02DA364AD7B /* Pods_AnaliseSentimento.framework in Frameworks */ = {isa = PBXBuildFile; fileRef = 57632A51AD0AB04C718F883A /* Pods_AnaliseSentimento.framework */; };
		884F777F2A345D1365EFA106 /* Pods_AnaliseSentimento_AnaliseSentimentoUITests.framework in Frameworks */ = {isa = PBXBuildFile; fileRef = 6D41EF74211B054F0BD727A4 /* Pods_AnaliseSentimento_AnaliseSentimentoUITests.framework */; };
		AF9313F684B69855422BABDC /* Pods_AnaliseSentimentoTests.framework in Frameworks */ = {isa = PBXBuildFile; fileRef = 154BEBE132158187202AFD37 /* Pods_AnaliseSentimentoTests.framework */; };
/* End PBXBuildFile section */

/* Begin PBXContainerItemProxy section */
		49F6CBFD27106DBD00F737B5 /* PBXContainerItemProxy */ = {
			isa = PBXContainerItemProxy;
			containerPortal = 49F6CBE427106DBB00F737B5 /* Project object */;
			proxyType = 1;
			remoteGlobalIDString = 49F6CBEB27106DBB00F737B5;
			remoteInfo = AnaliseSentimento;
		};
		49F6CC0727106DBD00F737B5 /* PBXContainerItemProxy */ = {
			isa = PBXContainerItemProxy;
			containerPortal = 49F6CBE427106DBB00F737B5 /* Project object */;
			proxyType = 1;
			remoteGlobalIDString = 49F6CBEB27106DBB00F737B5;
			remoteInfo = AnaliseSentimento;
		};
/* End PBXContainerItemProxy section */

/* Begin PBXFileReference section */
		094F3D9D64B7B8432B6D6A14 /* Pods-AnaliseSentimento.debug.xcconfig */ = {isa = PBXFileReference; includeInIndex = 1; lastKnownFileType = text.xcconfig; name = "Pods-AnaliseSentimento.debug.xcconfig"; path = "Target Support Files/Pods-AnaliseSentimento/Pods-AnaliseSentimento.debug.xcconfig"; sourceTree = "<group>"; };
		0E6E497DC5386CDD99E96C81 /* Pods-AnaliseSentimento-AnaliseSentimentoUITests.debug.xcconfig */ = {isa = PBXFileReference; includeInIndex = 1; lastKnownFileType = text.xcconfig; name = "Pods-AnaliseSentimento-AnaliseSentimentoUITests.debug.xcconfig"; path = "Target Support Files/Pods-AnaliseSentimento-AnaliseSentimentoUITests/Pods-AnaliseSentimento-AnaliseSentimentoUITests.debug.xcconfig"; sourceTree = "<group>"; };
		154BEBE132158187202AFD37 /* Pods_AnaliseSentimentoTests.framework */ = {isa = PBXFileReference; explicitFileType = wrapper.framework; includeInIndex = 0; path = Pods_AnaliseSentimentoTests.framework; sourceTree = BUILT_PRODUCTS_DIR; };
		49211813271E30DA00DDD343 /* Config.xcconfig */ = {isa = PBXFileReference; lastKnownFileType = text.xcconfig; path = Config.xcconfig; sourceTree = "<group>"; };
		49211814271E310C00DDD343 /* Info.plist */ = {isa = PBXFileReference; lastKnownFileType = text.plist; path = Info.plist; sourceTree = "<group>"; };
		49336FC12714AA6200FCBB8B /* UsernameValidation.swift */ = {isa = PBXFileReference; lastKnownFileType = sourcecode.swift; path = UsernameValidation.swift; sourceTree = "<group>"; };
		4942352E2711DBB20068B345 /* TwittsRootData.swift */ = {isa = PBXFileReference; lastKnownFileType = sourcecode.swift; path = TwittsRootData.swift; sourceTree = "<group>"; };
		494235302711E4390068B345 /* UserService.swift */ = {isa = PBXFileReference; lastKnownFileType = sourcecode.swift; path = UserService.swift; sourceTree = "<group>"; };
		494235322711E4980068B345 /* UserEndpoint.swift */ = {isa = PBXFileReference; lastKnownFileType = sourcecode.swift; path = UserEndpoint.swift; sourceTree = "<group>"; };
		494235362711E91C0068B345 /* TwitterUser.swift */ = {isa = PBXFileReference; lastKnownFileType = sourcecode.swift; path = TwitterUser.swift; sourceTree = "<group>"; };
		494235382711E9260068B345 /* UserRootData.swift */ = {isa = PBXFileReference; lastKnownFileType = sourcecode.swift; path = UserRootData.swift; sourceTree = "<group>"; };
		4979382F2713BC8000FAC870 /* UserViewModel.swift */ = {isa = PBXFileReference; lastKnownFileType = sourcecode.swift; path = UserViewModel.swift; sourceTree = "<group>"; };
		497938312713C54C00FAC870 /* FindUserView.swift */ = {isa = PBXFileReference; lastKnownFileType = sourcecode.swift; path = FindUserView.swift; sourceTree = "<group>"; };
		49F6CBEC27106DBB00F737B5 /* AnaliseSentimento.app */ = {isa = PBXFileReference; explicitFileType = wrapper.application; includeInIndex = 0; path = AnaliseSentimento.app; sourceTree = BUILT_PRODUCTS_DIR; };
		49F6CBEF27106DBB00F737B5 /* AnaliseSentimentoApp.swift */ = {isa = PBXFileReference; lastKnownFileType = sourcecode.swift; path = AnaliseSentimentoApp.swift; sourceTree = "<group>"; };
		49F6CBF127106DBB00F737B5 /* UserTwittsView.swift */ = {isa = PBXFileReference; lastKnownFileType = sourcecode.swift; path = UserTwittsView.swift; sourceTree = "<group>"; };
		49F6CBF327106DBC00F737B5 /* Assets.xcassets */ = {isa = PBXFileReference; lastKnownFileType = folder.assetcatalog; path = Assets.xcassets; sourceTree = "<group>"; };
		49F6CBF627106DBC00F737B5 /* Preview Assets.xcassets */ = {isa = PBXFileReference; lastKnownFileType = folder.assetcatalog; path = "Preview Assets.xcassets"; sourceTree = "<group>"; };
		49F6CBFC27106DBD00F737B5 /* AnaliseSentimentoTests.xctest */ = {isa = PBXFileReference; explicitFileType = wrapper.cfbundle; includeInIndex = 0; path = AnaliseSentimentoTests.xctest; sourceTree = BUILT_PRODUCTS_DIR; };
		49F6CC0027106DBD00F737B5 /* AnaliseSentimentoTests.swift */ = {isa = PBXFileReference; lastKnownFileType = sourcecode.swift; path = AnaliseSentimentoTests.swift; sourceTree = "<group>"; };
		49F6CC0627106DBD00F737B5 /* AnaliseSentimentoUITests.xctest */ = {isa = PBXFileReference; explicitFileType = wrapper.cfbundle; includeInIndex = 0; path = AnaliseSentimentoUITests.xctest; sourceTree = BUILT_PRODUCTS_DIR; };
		49F6CC0A27106DBD00F737B5 /* AnaliseSentimentoUITests.swift */ = {isa = PBXFileReference; lastKnownFileType = sourcecode.swift; path = AnaliseSentimentoUITests.swift; sourceTree = "<group>"; };
		49F6CC0C27106DBD00F737B5 /* AnaliseSentimentoUITestsLaunchTests.swift */ = {isa = PBXFileReference; lastKnownFileType = sourcecode.swift; path = AnaliseSentimentoUITestsLaunchTests.swift; sourceTree = "<group>"; };
		49F6CC1A2710732200F737B5 /* TwittsService.swift */ = {isa = PBXFileReference; lastKnownFileType = sourcecode.swift; path = TwittsService.swift; sourceTree = "<group>"; };
		49F6CC23271105C300F737B5 /* UserTwitt.swift */ = {isa = PBXFileReference; lastKnownFileType = sourcecode.swift; path = UserTwitt.swift; sourceTree = "<group>"; };
		49F6CC272711119700F737B5 /* TwittsViewModel.swift */ = {isa = PBXFileReference; lastKnownFileType = sourcecode.swift; path = TwittsViewModel.swift; sourceTree = "<group>"; };
		49F6CC2A2711140A00F737B5 /* TwittsEndpoint.swift */ = {isa = PBXFileReference; lastKnownFileType = sourcecode.swift; path = TwittsEndpoint.swift; sourceTree = "<group>"; };
		57632A51AD0AB04C718F883A /* Pods_AnaliseSentimento.framework */ = {isa = PBXFileReference; explicitFileType = wrapper.framework; includeInIndex = 0; path = Pods_AnaliseSentimento.framework; sourceTree = BUILT_PRODUCTS_DIR; };
		6D41EF74211B054F0BD727A4 /* Pods_AnaliseSentimento_AnaliseSentimentoUITests.framework */ = {isa = PBXFileReference; explicitFileType = wrapper.framework; includeInIndex = 0; path = Pods_AnaliseSentimento_AnaliseSentimentoUITests.framework; sourceTree = BUILT_PRODUCTS_DIR; };
		9E8C146ABB60C4272472E6F7 /* Pods-AnaliseSentimento.release.xcconfig */ = {isa = PBXFileReference; includeInIndex = 1; lastKnownFileType = text.xcconfig; name = "Pods-AnaliseSentimento.release.xcconfig"; path = "Target Support Files/Pods-AnaliseSentimento/Pods-AnaliseSentimento.release.xcconfig"; sourceTree = "<group>"; };
		C24FB98646DDC81480676CEF /* Pods-AnaliseSentimento-AnaliseSentimentoUITests.release.xcconfig */ = {isa = PBXFileReference; includeInIndex = 1; lastKnownFileType = text.xcconfig; name = "Pods-AnaliseSentimento-AnaliseSentimentoUITests.release.xcconfig"; path = "Target Support Files/Pods-AnaliseSentimento-AnaliseSentimentoUITests/Pods-AnaliseSentimento-AnaliseSentimentoUITests.release.xcconfig"; sourceTree = "<group>"; };
		D01A004A245ADA1E509A7F22 /* Pods-AnaliseSentimentoTests.release.xcconfig */ = {isa = PBXFileReference; includeInIndex = 1; lastKnownFileType = text.xcconfig; name = "Pods-AnaliseSentimentoTests.release.xcconfig"; path = "Target Support Files/Pods-AnaliseSentimentoTests/Pods-AnaliseSentimentoTests.release.xcconfig"; sourceTree = "<group>"; };
		FDF8B5E50CCDDD1D98469341 /* Pods-AnaliseSentimentoTests.debug.xcconfig */ = {isa = PBXFileReference; includeInIndex = 1; lastKnownFileType = text.xcconfig; name = "Pods-AnaliseSentimentoTests.debug.xcconfig"; path = "Target Support Files/Pods-AnaliseSentimentoTests/Pods-AnaliseSentimentoTests.debug.xcconfig"; sourceTree = "<group>"; };
/* End PBXFileReference section */

/* Begin PBXFrameworksBuildPhase section */
		49F6CBE927106DBB00F737B5 /* Frameworks */ = {
			isa = PBXFrameworksBuildPhase;
			buildActionMask = 2147483647;
			files = (
				548345C7E2AAE02DA364AD7B /* Pods_AnaliseSentimento.framework in Frameworks */,
			);
			runOnlyForDeploymentPostprocessing = 0;
		};
		49F6CBF927106DBD00F737B5 /* Frameworks */ = {
			isa = PBXFrameworksBuildPhase;
			buildActionMask = 2147483647;
			files = (
				AF9313F684B69855422BABDC /* Pods_AnaliseSentimentoTests.framework in Frameworks */,
			);
			runOnlyForDeploymentPostprocessing = 0;
		};
		49F6CC0327106DBD00F737B5 /* Frameworks */ = {
			isa = PBXFrameworksBuildPhase;
			buildActionMask = 2147483647;
			files = (
				884F777F2A345D1365EFA106 /* Pods_AnaliseSentimento_AnaliseSentimentoUITests.framework in Frameworks */,
			);
			runOnlyForDeploymentPostprocessing = 0;
		};
/* End PBXFrameworksBuildPhase section */

/* Begin PBXGroup section */
		494235352711E4A60068B345 /* Endpoint */ = {
			isa = PBXGroup;
			children = (
				49F6CC2A2711140A00F737B5 /* TwittsEndpoint.swift */,
				494235322711E4980068B345 /* UserEndpoint.swift */,
			);
			name = Endpoint;
			sourceTree = "<group>";
		};
		49F6CBE327106DBB00F737B5 = {
			isa = PBXGroup;
			children = (
				49F6CBEE27106DBB00F737B5 /* AnaliseSentimento */,
				49F6CBFF27106DBD00F737B5 /* AnaliseSentimentoTests */,
				49F6CC0927106DBD00F737B5 /* AnaliseSentimentoUITests */,
				49F6CBED27106DBB00F737B5 /* Products */,
				9D531935FCD6A30F758F8150 /* Pods */,
				5BBD5DA62CE36323D186DE39 /* Frameworks */,
			);
			sourceTree = "<group>";
		};
		49F6CBED27106DBB00F737B5 /* Products */ = {
			isa = PBXGroup;
			children = (
				49F6CBEC27106DBB00F737B5 /* AnaliseSentimento.app */,
				49F6CBFC27106DBD00F737B5 /* AnaliseSentimentoTests.xctest */,
				49F6CC0627106DBD00F737B5 /* AnaliseSentimentoUITests.xctest */,
			);
			name = Products;
			sourceTree = "<group>";
		};
		49F6CBEE27106DBB00F737B5 /* AnaliseSentimento */ = {
			isa = PBXGroup;
			children = (
				49211814271E310C00DDD343 /* Info.plist */,
				49F6CC22271105AC00F737B5 /* Model */,
				49F6CC262711115300F737B5 /* View */,
				49F6CC252711114B00F737B5 /* View Model */,
				49F6CC192710731200F737B5 /* Service */,
				49F6CC29271112A800F737B5 /* App */,
				49F6CBF327106DBC00F737B5 /* Assets.xcassets */,
				49F6CBF527106DBC00F737B5 /* Preview Content */,
			);
			path = AnaliseSentimento;
			sourceTree = "<group>";
		};
		49F6CBF527106DBC00F737B5 /* Preview Content */ = {
			isa = PBXGroup;
			children = (
				49F6CBF627106DBC00F737B5 /* Preview Assets.xcassets */,
			);
			path = "Preview Content";
			sourceTree = "<group>";
		};
		49F6CBFF27106DBD00F737B5 /* AnaliseSentimentoTests */ = {
			isa = PBXGroup;
			children = (
				49F6CC0027106DBD00F737B5 /* AnaliseSentimentoTests.swift */,
			);
			path = AnaliseSentimentoTests;
			sourceTree = "<group>";
		};
		49F6CC0927106DBD00F737B5 /* AnaliseSentimentoUITests */ = {
			isa = PBXGroup;
			children = (
				49F6CC0A27106DBD00F737B5 /* AnaliseSentimentoUITests.swift */,
				49F6CC0C27106DBD00F737B5 /* AnaliseSentimentoUITestsLaunchTests.swift */,
			);
			path = AnaliseSentimentoUITests;
			sourceTree = "<group>";
		};
		49F6CC192710731200F737B5 /* Service */ = {
			isa = PBXGroup;
			children = (
				49F6CC1A2710732200F737B5 /* TwittsService.swift */,
				494235302711E4390068B345 /* UserService.swift */,
				494235352711E4A60068B345 /* Endpoint */,
			);
			path = Service;
			sourceTree = "<group>";
		};
		49F6CC22271105AC00F737B5 /* Model */ = {
			isa = PBXGroup;
			children = (
				49F6CC23271105C300F737B5 /* UserTwitt.swift */,
				4942352E2711DBB20068B345 /* TwittsRootData.swift */,
				494235362711E91C0068B345 /* TwitterUser.swift */,
				494235382711E9260068B345 /* UserRootData.swift */,
				49336FC12714AA6200FCBB8B /* UsernameValidation.swift */,
			);
			path = Model;
			sourceTree = "<group>";
		};
		49F6CC252711114B00F737B5 /* View Model */ = {
			isa = PBXGroup;
			children = (
				49F6CC272711119700F737B5 /* TwittsViewModel.swift */,
				4979382F2713BC8000FAC870 /* UserViewModel.swift */,
			);
			path = "View Model";
			sourceTree = "<group>";
		};
		49F6CC262711115300F737B5 /* View */ = {
			isa = PBXGroup;
			children = (
				49F6CBF127106DBB00F737B5 /* UserTwittsView.swift */,
				497938312713C54C00FAC870 /* FindUserView.swift */,
			);
			path = View;
			sourceTree = "<group>";
		};
		49F6CC29271112A800F737B5 /* App */ = {
			isa = PBXGroup;
			children = (
				49F6CBEF27106DBB00F737B5 /* AnaliseSentimentoApp.swift */,
				49211813271E30DA00DDD343 /* Config.xcconfig */,
			);
			path = App;
			sourceTree = "<group>";
		};
		5BBD5DA62CE36323D186DE39 /* Frameworks */ = {
			isa = PBXGroup;
			children = (
				57632A51AD0AB04C718F883A /* Pods_AnaliseSentimento.framework */,
				6D41EF74211B054F0BD727A4 /* Pods_AnaliseSentimento_AnaliseSentimentoUITests.framework */,
				154BEBE132158187202AFD37 /* Pods_AnaliseSentimentoTests.framework */,
			);
			name = Frameworks;
			sourceTree = "<group>";
		};
		9D531935FCD6A30F758F8150 /* Pods */ = {
			isa = PBXGroup;
			children = (
				094F3D9D64B7B8432B6D6A14 /* Pods-AnaliseSentimento.debug.xcconfig */,
				9E8C146ABB60C4272472E6F7 /* Pods-AnaliseSentimento.release.xcconfig */,
				0E6E497DC5386CDD99E96C81 /* Pods-AnaliseSentimento-AnaliseSentimentoUITests.debug.xcconfig */,
				C24FB98646DDC81480676CEF /* Pods-AnaliseSentimento-AnaliseSentimentoUITests.release.xcconfig */,
				FDF8B5E50CCDDD1D98469341 /* Pods-AnaliseSentimentoTests.debug.xcconfig */,
				D01A004A245ADA1E509A7F22 /* Pods-AnaliseSentimentoTests.release.xcconfig */,
			);
			path = Pods;
			sourceTree = "<group>";
		};
/* End PBXGroup section */

/* Begin PBXNativeTarget section */
		49F6CBEB27106DBB00F737B5 /* AnaliseSentimento */ = {
			isa = PBXNativeTarget;
			buildConfigurationList = 49F6CC1027106DBD00F737B5 /* Build configuration list for PBXNativeTarget "AnaliseSentimento" */;
			buildPhases = (
				676A227D985E38CB540C5549 /* [CP] Check Pods Manifest.lock */,
				49F6CBE827106DBB00F737B5 /* Sources */,
				49F6CBE927106DBB00F737B5 /* Frameworks */,
				49F6CBEA27106DBB00F737B5 /* Resources */,
				3E05F75F4D93C55A79BD3F1E /* [CP] Embed Pods Frameworks */,
			);
			buildRules = (
			);
			dependencies = (
			);
			name = AnaliseSentimento;
			productName = AnaliseSentimento;
			productReference = 49F6CBEC27106DBB00F737B5 /* AnaliseSentimento.app */;
			productType = "com.apple.product-type.application";
		};
		49F6CBFB27106DBD00F737B5 /* AnaliseSentimentoTests */ = {
			isa = PBXNativeTarget;
			buildConfigurationList = 49F6CC1327106DBD00F737B5 /* Build configuration list for PBXNativeTarget "AnaliseSentimentoTests" */;
			buildPhases = (
				B6210A2BF0C825BE933B6CA7 /* [CP] Check Pods Manifest.lock */,
				49F6CBF827106DBD00F737B5 /* Sources */,
				49F6CBF927106DBD00F737B5 /* Frameworks */,
				49F6CBFA27106DBD00F737B5 /* Resources */,
			);
			buildRules = (
			);
			dependencies = (
				49F6CBFE27106DBD00F737B5 /* PBXTargetDependency */,
			);
			name = AnaliseSentimentoTests;
			productName = AnaliseSentimentoTests;
			productReference = 49F6CBFC27106DBD00F737B5 /* AnaliseSentimentoTests.xctest */;
			productType = "com.apple.product-type.bundle.unit-test";
		};
		49F6CC0527106DBD00F737B5 /* AnaliseSentimentoUITests */ = {
			isa = PBXNativeTarget;
			buildConfigurationList = 49F6CC1627106DBD00F737B5 /* Build configuration list for PBXNativeTarget "AnaliseSentimentoUITests" */;
			buildPhases = (
				4285ADCA1457C8C02DB2DA7F /* [CP] Check Pods Manifest.lock */,
				49F6CC0227106DBD00F737B5 /* Sources */,
				49F6CC0327106DBD00F737B5 /* Frameworks */,
				49F6CC0427106DBD00F737B5 /* Resources */,
				E1DF7F5FE5985FC0F30EE88F /* [CP] Embed Pods Frameworks */,
			);
			buildRules = (
			);
			dependencies = (
				49F6CC0827106DBD00F737B5 /* PBXTargetDependency */,
			);
			name = AnaliseSentimentoUITests;
			productName = AnaliseSentimentoUITests;
			productReference = 49F6CC0627106DBD00F737B5 /* AnaliseSentimentoUITests.xctest */;
			productType = "com.apple.product-type.bundle.ui-testing";
		};
/* End PBXNativeTarget section */

/* Begin PBXProject section */
		49F6CBE427106DBB00F737B5 /* Project object */ = {
			isa = PBXProject;
			attributes = {
				BuildIndependentTargetsInParallel = 1;
				LastSwiftUpdateCheck = 1300;
				LastUpgradeCheck = 1300;
				TargetAttributes = {
					49F6CBEB27106DBB00F737B5 = {
						CreatedOnToolsVersion = 13.0;
					};
					49F6CBFB27106DBD00F737B5 = {
						CreatedOnToolsVersion = 13.0;
						TestTargetID = 49F6CBEB27106DBB00F737B5;
					};
					49F6CC0527106DBD00F737B5 = {
						CreatedOnToolsVersion = 13.0;
						TestTargetID = 49F6CBEB27106DBB00F737B5;
					};
				};
			};
			buildConfigurationList = 49F6CBE727106DBB00F737B5 /* Build configuration list for PBXProject "AnaliseSentimento" */;
			compatibilityVersion = "Xcode 13.0";
			developmentRegion = en;
			hasScannedForEncodings = 0;
			knownRegions = (
				en,
				Base,
			);
			mainGroup = 49F6CBE327106DBB00F737B5;
			productRefGroup = 49F6CBED27106DBB00F737B5 /* Products */;
			projectDirPath = "";
			projectRoot = "";
			targets = (
				49F6CBEB27106DBB00F737B5 /* AnaliseSentimento */,
				49F6CBFB27106DBD00F737B5 /* AnaliseSentimentoTests */,
				49F6CC0527106DBD00F737B5 /* AnaliseSentimentoUITests */,
			);
		};
/* End PBXProject section */

/* Begin PBXResourcesBuildPhase section */
		49F6CBEA27106DBB00F737B5 /* Resources */ = {
			isa = PBXResourcesBuildPhase;
			buildActionMask = 2147483647;
			files = (
				49F6CBF727106DBC00F737B5 /* Preview Assets.xcassets in Resources */,
				49F6CBF427106DBC00F737B5 /* Assets.xcassets in Resources */,
			);
			runOnlyForDeploymentPostprocessing = 0;
		};
		49F6CBFA27106DBD00F737B5 /* Resources */ = {
			isa = PBXResourcesBuildPhase;
			buildActionMask = 2147483647;
			files = (
			);
			runOnlyForDeploymentPostprocessing = 0;
		};
		49F6CC0427106DBD00F737B5 /* Resources */ = {
			isa = PBXResourcesBuildPhase;
			buildActionMask = 2147483647;
			files = (
			);
			runOnlyForDeploymentPostprocessing = 0;
		};
/* End PBXResourcesBuildPhase section */

/* Begin PBXShellScriptBuildPhase section */
		3E05F75F4D93C55A79BD3F1E /* [CP] Embed Pods Frameworks */ = {
			isa = PBXShellScriptBuildPhase;
			buildActionMask = 2147483647;
			files = (
			);
			inputFileListPaths = (
				"${PODS_ROOT}/Target Support Files/Pods-AnaliseSentimento/Pods-AnaliseSentimento-frameworks-${CONFIGURATION}-input-files.xcfilelist",
			);
			name = "[CP] Embed Pods Frameworks";
			outputFileListPaths = (
				"${PODS_ROOT}/Target Support Files/Pods-AnaliseSentimento/Pods-AnaliseSentimento-frameworks-${CONFIGURATION}-output-files.xcfilelist",
			);
			runOnlyForDeploymentPostprocessing = 0;
			shellPath = /bin/sh;
			shellScript = "\"${PODS_ROOT}/Target Support Files/Pods-AnaliseSentimento/Pods-AnaliseSentimento-frameworks.sh\"\n";
			showEnvVarsInLog = 0;
		};
		4285ADCA1457C8C02DB2DA7F /* [CP] Check Pods Manifest.lock */ = {
			isa = PBXShellScriptBuildPhase;
			buildActionMask = 2147483647;
			files = (
			);
			inputFileListPaths = (
			);
			inputPaths = (
				"${PODS_PODFILE_DIR_PATH}/Podfile.lock",
				"${PODS_ROOT}/Manifest.lock",
			);
			name = "[CP] Check Pods Manifest.lock";
			outputFileListPaths = (
			);
			outputPaths = (
				"$(DERIVED_FILE_DIR)/Pods-AnaliseSentimento-AnaliseSentimentoUITests-checkManifestLockResult.txt",
			);
			runOnlyForDeploymentPostprocessing = 0;
			shellPath = /bin/sh;
			shellScript = "diff \"${PODS_PODFILE_DIR_PATH}/Podfile.lock\" \"${PODS_ROOT}/Manifest.lock\" > /dev/null\nif [ $? != 0 ] ; then\n    # print error to STDERR\n    echo \"error: The sandbox is not in sync with the Podfile.lock. Run 'pod install' or update your CocoaPods installation.\" >&2\n    exit 1\nfi\n# This output is used by Xcode 'outputs' to avoid re-running this script phase.\necho \"SUCCESS\" > \"${SCRIPT_OUTPUT_FILE_0}\"\n";
			showEnvVarsInLog = 0;
		};
		676A227D985E38CB540C5549 /* [CP] Check Pods Manifest.lock */ = {
			isa = PBXShellScriptBuildPhase;
			buildActionMask = 2147483647;
			files = (
			);
			inputFileListPaths = (
			);
			inputPaths = (
				"${PODS_PODFILE_DIR_PATH}/Podfile.lock",
				"${PODS_ROOT}/Manifest.lock",
			);
			name = "[CP] Check Pods Manifest.lock";
			outputFileListPaths = (
			);
			outputPaths = (
				"$(DERIVED_FILE_DIR)/Pods-AnaliseSentimento-checkManifestLockResult.txt",
			);
			runOnlyForDeploymentPostprocessing = 0;
			shellPath = /bin/sh;
			shellScript = "diff \"${PODS_PODFILE_DIR_PATH}/Podfile.lock\" \"${PODS_ROOT}/Manifest.lock\" > /dev/null\nif [ $? != 0 ] ; then\n    # print error to STDERR\n    echo \"error: The sandbox is not in sync with the Podfile.lock. Run 'pod install' or update your CocoaPods installation.\" >&2\n    exit 1\nfi\n# This output is used by Xcode 'outputs' to avoid re-running this script phase.\necho \"SUCCESS\" > \"${SCRIPT_OUTPUT_FILE_0}\"\n";
			showEnvVarsInLog = 0;
		};
		B6210A2BF0C825BE933B6CA7 /* [CP] Check Pods Manifest.lock */ = {
			isa = PBXShellScriptBuildPhase;
			buildActionMask = 2147483647;
			files = (
			);
			inputFileListPaths = (
			);
			inputPaths = (
				"${PODS_PODFILE_DIR_PATH}/Podfile.lock",
				"${PODS_ROOT}/Manifest.lock",
			);
			name = "[CP] Check Pods Manifest.lock";
			outputFileListPaths = (
			);
			outputPaths = (
				"$(DERIVED_FILE_DIR)/Pods-AnaliseSentimentoTests-checkManifestLockResult.txt",
			);
			runOnlyForDeploymentPostprocessing = 0;
			shellPath = /bin/sh;
			shellScript = "diff \"${PODS_PODFILE_DIR_PATH}/Podfile.lock\" \"${PODS_ROOT}/Manifest.lock\" > /dev/null\nif [ $? != 0 ] ; then\n    # print error to STDERR\n    echo \"error: The sandbox is not in sync with the Podfile.lock. Run 'pod install' or update your CocoaPods installation.\" >&2\n    exit 1\nfi\n# This output is used by Xcode 'outputs' to avoid re-running this script phase.\necho \"SUCCESS\" > \"${SCRIPT_OUTPUT_FILE_0}\"\n";
			showEnvVarsInLog = 0;
		};
		E1DF7F5FE5985FC0F30EE88F /* [CP] Embed Pods Frameworks */ = {
			isa = PBXShellScriptBuildPhase;
			buildActionMask = 2147483647;
			files = (
			);
			inputFileListPaths = (
				"${PODS_ROOT}/Target Support Files/Pods-AnaliseSentimento-AnaliseSentimentoUITests/Pods-AnaliseSentimento-AnaliseSentimentoUITests-frameworks-${CONFIGURATION}-input-files.xcfilelist",
			);
			name = "[CP] Embed Pods Frameworks";
			outputFileListPaths = (
				"${PODS_ROOT}/Target Support Files/Pods-AnaliseSentimento-AnaliseSentimentoUITests/Pods-AnaliseSentimento-AnaliseSentimentoUITests-frameworks-${CONFIGURATION}-output-files.xcfilelist",
			);
			runOnlyForDeploymentPostprocessing = 0;
			shellPath = /bin/sh;
			shellScript = "\"${PODS_ROOT}/Target Support Files/Pods-AnaliseSentimento-AnaliseSentimentoUITests/Pods-AnaliseSentimento-AnaliseSentimentoUITests-frameworks.sh\"\n";
			showEnvVarsInLog = 0;
		};
/* End PBXShellScriptBuildPhase section */

/* Begin PBXSourcesBuildPhase section */
		49F6CBE827106DBB00F737B5 /* Sources */ = {
			isa = PBXSourcesBuildPhase;
			buildActionMask = 2147483647;
			files = (
				497938322713C54C00FAC870 /* FindUserView.swift in Sources */,
				494235372711E91C0068B345 /* TwitterUser.swift in Sources */,
				497938302713BC8000FAC870 /* UserViewModel.swift in Sources */,
				494235392711E9260068B345 /* UserRootData.swift in Sources */,
				49336FC22714AA6200FCBB8B /* UsernameValidation.swift in Sources */,
				49F6CBF227106DBB00F737B5 /* UserTwittsView.swift in Sources */,
				49F6CBF027106DBB00F737B5 /* AnaliseSentimentoApp.swift in Sources */,
				49F6CC282711119700F737B5 /* TwittsViewModel.swift in Sources */,
				494235332711E4980068B345 /* UserEndpoint.swift in Sources */,
				49F6CC24271105C300F737B5 /* UserTwitt.swift in Sources */,
				494235312711E4390068B345 /* UserService.swift in Sources */,
				49F6CC2B2711140A00F737B5 /* TwittsEndpoint.swift in Sources */,
				4942352F2711DBB20068B345 /* TwittsRootData.swift in Sources */,
				49F6CC1B2710732200F737B5 /* TwittsService.swift in Sources */,
			);
			runOnlyForDeploymentPostprocessing = 0;
		};
		49F6CBF827106DBD00F737B5 /* Sources */ = {
			isa = PBXSourcesBuildPhase;
			buildActionMask = 2147483647;
			files = (
				49F6CC0127106DBD00F737B5 /* AnaliseSentimentoTests.swift in Sources */,
			);
			runOnlyForDeploymentPostprocessing = 0;
		};
		49F6CC0227106DBD00F737B5 /* Sources */ = {
			isa = PBXSourcesBuildPhase;
			buildActionMask = 2147483647;
			files = (
				49F6CC0D27106DBD00F737B5 /* AnaliseSentimentoUITestsLaunchTests.swift in Sources */,
				49F6CC0B27106DBD00F737B5 /* AnaliseSentimentoUITests.swift in Sources */,
			);
			runOnlyForDeploymentPostprocessing = 0;
		};
/* End PBXSourcesBuildPhase section */

/* Begin PBXTargetDependency section */
		49F6CBFE27106DBD00F737B5 /* PBXTargetDependency */ = {
			isa = PBXTargetDependency;
			target = 49F6CBEB27106DBB00F737B5 /* AnaliseSentimento */;
			targetProxy = 49F6CBFD27106DBD00F737B5 /* PBXContainerItemProxy */;
		};
		49F6CC0827106DBD00F737B5 /* PBXTargetDependency */ = {
			isa = PBXTargetDependency;
			target = 49F6CBEB27106DBB00F737B5 /* AnaliseSentimento */;
			targetProxy = 49F6CC0727106DBD00F737B5 /* PBXContainerItemProxy */;
		};
/* End PBXTargetDependency section */

/* Begin XCBuildConfiguration section */
		49F6CC0E27106DBD00F737B5 /* Debug */ = {
			isa = XCBuildConfiguration;
			baseConfigurationReference = 49211813271E30DA00DDD343 /* Config.xcconfig */;
			buildSettings = {
				ALWAYS_SEARCH_USER_PATHS = NO;
				CLANG_ANALYZER_NONNULL = YES;
				CLANG_ANALYZER_NUMBER_OBJECT_CONVERSION = YES_AGGRESSIVE;
				CLANG_CXX_LANGUAGE_STANDARD = "gnu++17";
				CLANG_CXX_LIBRARY = "libc++";
				CLANG_ENABLE_MODULES = YES;
				CLANG_ENABLE_OBJC_ARC = YES;
				CLANG_ENABLE_OBJC_WEAK = YES;
				CLANG_WARN_BLOCK_CAPTURE_AUTORELEASING = YES;
				CLANG_WARN_BOOL_CONVERSION = YES;
				CLANG_WARN_COMMA = YES;
				CLANG_WARN_CONSTANT_CONVERSION = YES;
				CLANG_WARN_DEPRECATED_OBJC_IMPLEMENTATIONS = YES;
				CLANG_WARN_DIRECT_OBJC_ISA_USAGE = YES_ERROR;
				CLANG_WARN_DOCUMENTATION_COMMENTS = YES;
				CLANG_WARN_EMPTY_BODY = YES;
				CLANG_WARN_ENUM_CONVERSION = YES;
				CLANG_WARN_INFINITE_RECURSION = YES;
				CLANG_WARN_INT_CONVERSION = YES;
				CLANG_WARN_NON_LITERAL_NULL_CONVERSION = YES;
				CLANG_WARN_OBJC_IMPLICIT_RETAIN_SELF = YES;
				CLANG_WARN_OBJC_LITERAL_CONVERSION = YES;
				CLANG_WARN_OBJC_ROOT_CLASS = YES_ERROR;
				CLANG_WARN_QUOTED_INCLUDE_IN_FRAMEWORK_HEADER = YES;
				CLANG_WARN_RANGE_LOOP_ANALYSIS = YES;
				CLANG_WARN_STRICT_PROTOTYPES = YES;
				CLANG_WARN_SUSPICIOUS_MOVE = YES;
				CLANG_WARN_UNGUARDED_AVAILABILITY = YES_AGGRESSIVE;
				CLANG_WARN_UNREACHABLE_CODE = YES;
				CLANG_WARN__DUPLICATE_METHOD_MATCH = YES;
				COPY_PHASE_STRIP = NO;
				DEBUG_INFORMATION_FORMAT = dwarf;
				ENABLE_STRICT_OBJC_MSGSEND = YES;
				ENABLE_TESTABILITY = YES;
				GCC_C_LANGUAGE_STANDARD = gnu11;
				GCC_DYNAMIC_NO_PIC = NO;
				GCC_NO_COMMON_BLOCKS = YES;
				GCC_OPTIMIZATION_LEVEL = 0;
				GCC_PREPROCESSOR_DEFINITIONS = (
					"DEBUG=1",
					"$(inherited)",
				);
				GCC_WARN_64_TO_32_BIT_CONVERSION = YES;
				GCC_WARN_ABOUT_RETURN_TYPE = YES_ERROR;
				GCC_WARN_UNDECLARED_SELECTOR = YES;
				GCC_WARN_UNINITIALIZED_AUTOS = YES_AGGRESSIVE;
				GCC_WARN_UNUSED_FUNCTION = YES;
				GCC_WARN_UNUSED_VARIABLE = YES;
				IPHONEOS_DEPLOYMENT_TARGET = 15.0;
				MTL_ENABLE_DEBUG_INFO = INCLUDE_SOURCE;
				MTL_FAST_MATH = YES;
				ONLY_ACTIVE_ARCH = YES;
				SDKROOT = iphoneos;
				SWIFT_ACTIVE_COMPILATION_CONDITIONS = DEBUG;
				SWIFT_OPTIMIZATION_LEVEL = "-Onone";
			};
			name = Debug;
		};
		49F6CC0F27106DBD00F737B5 /* Release */ = {
			isa = XCBuildConfiguration;
			baseConfigurationReference = 49211813271E30DA00DDD343 /* Config.xcconfig */;
			buildSettings = {
				ALWAYS_SEARCH_USER_PATHS = NO;
				CLANG_ANALYZER_NONNULL = YES;
				CLANG_ANALYZER_NUMBER_OBJECT_CONVERSION = YES_AGGRESSIVE;
				CLANG_CXX_LANGUAGE_STANDARD = "gnu++17";
				CLANG_CXX_LIBRARY = "libc++";
				CLANG_ENABLE_MODULES = YES;
				CLANG_ENABLE_OBJC_ARC = YES;
				CLANG_ENABLE_OBJC_WEAK = YES;
				CLANG_WARN_BLOCK_CAPTURE_AUTORELEASING = YES;
				CLANG_WARN_BOOL_CONVERSION = YES;
				CLANG_WARN_COMMA = YES;
				CLANG_WARN_CONSTANT_CONVERSION = YES;
				CLANG_WARN_DEPRECATED_OBJC_IMPLEMENTATIONS = YES;
				CLANG_WARN_DIRECT_OBJC_ISA_USAGE = YES_ERROR;
				CLANG_WARN_DOCUMENTATION_COMMENTS = YES;
				CLANG_WARN_EMPTY_BODY = YES;
				CLANG_WARN_ENUM_CONVERSION = YES;
				CLANG_WARN_INFINITE_RECURSION = YES;
				CLANG_WARN_INT_CONVERSION = YES;
				CLANG_WARN_NON_LITERAL_NULL_CONVERSION = YES;
				CLANG_WARN_OBJC_IMPLICIT_RETAIN_SELF = YES;
				CLANG_WARN_OBJC_LITERAL_CONVERSION = YES;
				CLANG_WARN_OBJC_ROOT_CLASS = YES_ERROR;
				CLANG_WARN_QUOTED_INCLUDE_IN_FRAMEWORK_HEADER = YES;
				CLANG_WARN_RANGE_LOOP_ANALYSIS = YES;
				CLANG_WARN_STRICT_PROTOTYPES = YES;
				CLANG_WARN_SUSPICIOUS_MOVE = YES;
				CLANG_WARN_UNGUARDED_AVAILABILITY = YES_AGGRESSIVE;
				CLANG_WARN_UNREACHABLE_CODE = YES;
				CLANG_WARN__DUPLICATE_METHOD_MATCH = YES;
				COPY_PHASE_STRIP = NO;
				DEBUG_INFORMATION_FORMAT = "dwarf-with-dsym";
				ENABLE_NS_ASSERTIONS = NO;
				ENABLE_STRICT_OBJC_MSGSEND = YES;
				GCC_C_LANGUAGE_STANDARD = gnu11;
				GCC_NO_COMMON_BLOCKS = YES;
				GCC_WARN_64_TO_32_BIT_CONVERSION = YES;
				GCC_WARN_ABOUT_RETURN_TYPE = YES_ERROR;
				GCC_WARN_UNDECLARED_SELECTOR = YES;
				GCC_WARN_UNINITIALIZED_AUTOS = YES_AGGRESSIVE;
				GCC_WARN_UNUSED_FUNCTION = YES;
				GCC_WARN_UNUSED_VARIABLE = YES;
				IPHONEOS_DEPLOYMENT_TARGET = 15.0;
				MTL_ENABLE_DEBUG_INFO = NO;
				MTL_FAST_MATH = YES;
				SDKROOT = iphoneos;
				SWIFT_COMPILATION_MODE = wholemodule;
				SWIFT_OPTIMIZATION_LEVEL = "-O";
				VALIDATE_PRODUCT = YES;
			};
			name = Release;
		};
		49F6CC1127106DBD00F737B5 /* Debug */ = {
			isa = XCBuildConfiguration;
			baseConfigurationReference = 094F3D9D64B7B8432B6D6A14 /* Pods-AnaliseSentimento.debug.xcconfig */;
			buildSettings = {
				ASSETCATALOG_COMPILER_APPICON_NAME = AppIcon;
				ASSETCATALOG_COMPILER_GLOBAL_ACCENT_COLOR_NAME = AccentColor;
				CODE_SIGN_STYLE = Automatic;
				CURRENT_PROJECT_VERSION = 1;
				DEVELOPMENT_ASSET_PATHS = "\"AnaliseSentimento/Preview Content\"";
				ENABLE_PREVIEWS = YES;
				GENERATE_INFOPLIST_FILE = YES;
				INFOPLIST_FILE = AnaliseSentimento/Info.plist;
				INFOPLIST_KEY_UIApplicationSceneManifest_Generation = YES;
				INFOPLIST_KEY_UIApplicationSupportsIndirectInputEvents = YES;
				INFOPLIST_KEY_UILaunchScreen_Generation = YES;
				INFOPLIST_KEY_UISupportedInterfaceOrientations_iPad = "UIInterfaceOrientationPortrait UIInterfaceOrientationPortraitUpsideDown UIInterfaceOrientationLandscapeLeft UIInterfaceOrientationLandscapeRight";
				INFOPLIST_KEY_UISupportedInterfaceOrientations_iPhone = "UIInterfaceOrientationPortrait UIInterfaceOrientationLandscapeLeft UIInterfaceOrientationLandscapeRight";
				IPHONEOS_DEPLOYMENT_TARGET = 14.0;
				LD_RUNPATH_SEARCH_PATHS = (
					"$(inherited)",
					"@executable_path/Frameworks",
				);
				MARKETING_VERSION = 1.0;
				PRODUCT_BUNDLE_IDENTIFIER = com.lucasnakano.AnaliseSentimento;
				PRODUCT_NAME = "$(TARGET_NAME)";
				SWIFT_EMIT_LOC_STRINGS = YES;
				SWIFT_VERSION = 5.0;
				TARGETED_DEVICE_FAMILY = "1,2";
			};
			name = Debug;
		};
		49F6CC1227106DBD00F737B5 /* Release */ = {
			isa = XCBuildConfiguration;
			baseConfigurationReference = 9E8C146ABB60C4272472E6F7 /* Pods-AnaliseSentimento.release.xcconfig */;
			buildSettings = {
				ASSETCATALOG_COMPILER_APPICON_NAME = AppIcon;
				ASSETCATALOG_COMPILER_GLOBAL_ACCENT_COLOR_NAME = AccentColor;
				CODE_SIGN_STYLE = Automatic;
				CURRENT_PROJECT_VERSION = 1;
				DEVELOPMENT_ASSET_PATHS = "\"AnaliseSentimento/Preview Content\"";
				ENABLE_PREVIEWS = YES;
				GENERATE_INFOPLIST_FILE = YES;
				INFOPLIST_FILE = AnaliseSentimento/Info.plist;
				INFOPLIST_KEY_UIApplicationSceneManifest_Generation = YES;
				INFOPLIST_KEY_UIApplicationSupportsIndirectInputEvents = YES;
				INFOPLIST_KEY_UILaunchScreen_Generation = YES;
				INFOPLIST_KEY_UISupportedInterfaceOrientations_iPad = "UIInterfaceOrientationPortrait UIInterfaceOrientationPortraitUpsideDown UIInterfaceOrientationLandscapeLeft UIInterfaceOrientationLandscapeRight";
				INFOPLIST_KEY_UISupportedInterfaceOrientations_iPhone = "UIInterfaceOrientationPortrait UIInterfaceOrientationLandscapeLeft UIInterfaceOrientationLandscapeRight";
				IPHONEOS_DEPLOYMENT_TARGET = 14.0;
				LD_RUNPATH_SEARCH_PATHS = (
					"$(inherited)",
					"@executable_path/Frameworks",
				);
				MARKETING_VERSION = 1.0;
				PRODUCT_BUNDLE_IDENTIFIER = com.lucasnakano.AnaliseSentimento;
				PRODUCT_NAME = "$(TARGET_NAME)";
				SWIFT_EMIT_LOC_STRINGS = YES;
				SWIFT_VERSION = 5.0;
				TARGETED_DEVICE_FAMILY = "1,2";
			};
			name = Release;
		};
		49F6CC1427106DBD00F737B5 /* Debug */ = {
			isa = XCBuildConfiguration;
			baseConfigurationReference = FDF8B5E50CCDDD1D98469341 /* Pods-AnaliseSentimentoTests.debug.xcconfig */;
			buildSettings = {
				ALWAYS_EMBED_SWIFT_STANDARD_LIBRARIES = YES;
				BUNDLE_LOADER = "$(TEST_HOST)";
				CODE_SIGN_STYLE = Automatic;
				CURRENT_PROJECT_VERSION = 1;
				GENERATE_INFOPLIST_FILE = YES;
				IPHONEOS_DEPLOYMENT_TARGET = 14.0;
				LD_RUNPATH_SEARCH_PATHS = (
					"$(inherited)",
					"@executable_path/Frameworks",
					"@loader_path/Frameworks",
				);
				MARKETING_VERSION = 1.0;
				PRODUCT_BUNDLE_IDENTIFIER = com.lucasnakano.AnaliseSentimentoTests;
				PRODUCT_NAME = "$(TARGET_NAME)";
				SWIFT_EMIT_LOC_STRINGS = NO;
				SWIFT_VERSION = 5.0;
				TARGETED_DEVICE_FAMILY = "1,2";
				TEST_HOST = "$(BUILT_PRODUCTS_DIR)/AnaliseSentimento.app/AnaliseSentimento";
			};
			name = Debug;
		};
		49F6CC1527106DBD00F737B5 /* Release */ = {
			isa = XCBuildConfiguration;
			baseConfigurationReference = D01A004A245ADA1E509A7F22 /* Pods-AnaliseSentimentoTests.release.xcconfig */;
			buildSettings = {
				ALWAYS_EMBED_SWIFT_STANDARD_LIBRARIES = YES;
				BUNDLE_LOADER = "$(TEST_HOST)";
				CODE_SIGN_STYLE = Automatic;
				CURRENT_PROJECT_VERSION = 1;
				GENERATE_INFOPLIST_FILE = YES;
				IPHONEOS_DEPLOYMENT_TARGET = 14.0;
				LD_RUNPATH_SEARCH_PATHS = (
					"$(inherited)",
					"@executable_path/Frameworks",
					"@loader_path/Frameworks",
				);
				MARKETING_VERSION = 1.0;
				PRODUCT_BUNDLE_IDENTIFIER = com.lucasnakano.AnaliseSentimentoTests;
				PRODUCT_NAME = "$(TARGET_NAME)";
				SWIFT_EMIT_LOC_STRINGS = NO;
				SWIFT_VERSION = 5.0;
				TARGETED_DEVICE_FAMILY = "1,2";
				TEST_HOST = "$(BUILT_PRODUCTS_DIR)/AnaliseSentimento.app/AnaliseSentimento";
			};
			name = Release;
		};
		49F6CC1727106DBD00F737B5 /* Debug */ = {
			isa = XCBuildConfiguration;
			baseConfigurationReference = 0E6E497DC5386CDD99E96C81 /* Pods-AnaliseSentimento-AnaliseSentimentoUITests.debug.xcconfig */;
			buildSettings = {
				ALWAYS_EMBED_SWIFT_STANDARD_LIBRARIES = YES;
				CODE_SIGN_STYLE = Automatic;
				CURRENT_PROJECT_VERSION = 1;
				GENERATE_INFOPLIST_FILE = YES;
				LD_RUNPATH_SEARCH_PATHS = (
					"$(inherited)",
					"@executable_path/Frameworks",
					"@loader_path/Frameworks",
				);
				MARKETING_VERSION = 1.0;
				PRODUCT_BUNDLE_IDENTIFIER = com.lucasnakano.AnaliseSentimentoUITests;
				PRODUCT_NAME = "$(TARGET_NAME)";
				SWIFT_EMIT_LOC_STRINGS = NO;
				SWIFT_VERSION = 5.0;
				TARGETED_DEVICE_FAMILY = "1,2";
				TEST_TARGET_NAME = AnaliseSentimento;
			};
			name = Debug;
		};
		49F6CC1827106DBD00F737B5 /* Release */ = {
			isa = XCBuildConfiguration;
			baseConfigurationReference = C24FB98646DDC81480676CEF /* Pods-AnaliseSentimento-AnaliseSentimentoUITests.release.xcconfig */;
			buildSettings = {
				ALWAYS_EMBED_SWIFT_STANDARD_LIBRARIES = YES;
				CODE_SIGN_STYLE = Automatic;
				CURRENT_PROJECT_VERSION = 1;
				GENERATE_INFOPLIST_FILE = YES;
				LD_RUNPATH_SEARCH_PATHS = (
					"$(inherited)",
					"@executable_path/Frameworks",
					"@loader_path/Frameworks",
				);
				MARKETING_VERSION = 1.0;
				PRODUCT_BUNDLE_IDENTIFIER = com.lucasnakano.AnaliseSentimentoUITests;
				PRODUCT_NAME = "$(TARGET_NAME)";
				SWIFT_EMIT_LOC_STRINGS = NO;
				SWIFT_VERSION = 5.0;
				TARGETED_DEVICE_FAMILY = "1,2";
				TEST_TARGET_NAME = AnaliseSentimento;
			};
			name = Release;
		};
/* End XCBuildConfiguration section */

/* Begin XCConfigurationList section */
		49F6CBE727106DBB00F737B5 /* Build configuration list for PBXProject "AnaliseSentimento" */ = {
			isa = XCConfigurationList;
			buildConfigurations = (
				49F6CC0E27106DBD00F737B5 /* Debug */,
				49F6CC0F27106DBD00F737B5 /* Release */,
			);
			defaultConfigurationIsVisible = 0;
			defaultConfigurationName = Release;
		};
		49F6CC1027106DBD00F737B5 /* Build configuration list for PBXNativeTarget "AnaliseSentimento" */ = {
			isa = XCConfigurationList;
			buildConfigurations = (
				49F6CC1127106DBD00F737B5 /* Debug */,
				49F6CC1227106DBD00F737B5 /* Release */,
			);
			defaultConfigurationIsVisible = 0;
			defaultConfigurationName = Release;
		};
		49F6CC1327106DBD00F737B5 /* Build configuration list for PBXNativeTarget "AnaliseSentimentoTests" */ = {
			isa = XCConfigurationList;
			buildConfigurations = (
				49F6CC1427106DBD00F737B5 /* Debug */,
				49F6CC1527106DBD00F737B5 /* Release */,
			);
			defaultConfigurationIsVisible = 0;
			defaultConfigurationName = Release;
		};
		49F6CC1627106DBD00F737B5 /* Build configuration list for PBXNativeTarget "AnaliseSentimentoUITests" */ = {
			isa = XCConfigurationList;
			buildConfigurations = (
				49F6CC1727106DBD00F737B5 /* Debug */,
				49F6CC1827106DBD00F737B5 /* Release */,
			);
			defaultConfigurationIsVisible = 0;
			defaultConfigurationName = Release;
		};
/* End XCConfigurationList section */
	};
	rootObject = 49F6CBE427106DBB00F737B5 /* Project object */;
}
